
Microsoft Visual Studio Solution File, Format Version 12.00
# Visual Studio 15
VisualStudioVersion = 15.0.28010.2046
MinimumVisualStudioVersion = 10.0.40219.1
Project("{FAE04EC0-301F-11D3-BF4B-00C04F79EFBC}") = "RestService", "RestService\RestService.csproj", "{C74E7953-7FB5-42CE-99A7-0AE8EB20716F}"
EndProject
Global
	GlobalSection(SolutionConfigurationPlatforms) = preSolution
		Debug|Any CPU = Debug|Any CPU
		Release|Any CPU = Release|Any CPU
	EndGlobalSection
	GlobalSection(ProjectConfigurationPlatforms) = postSolution
		{C74E7953-7FB5-42CE-99A7-0AE8EB20716F}.Debug|Any CPU.ActiveCfg = Debug|Any CPU
		{C74E7953-7FB5-42CE-99A7-0AE8EB20716F}.Debug|Any CPU.Build.0 = Debug|Any CPU
		{C74E7953-7FB5-42CE-99A7-0AE8EB20716F}.Release|Any CPU.ActiveCfg = Release|Any CPU
		{C74E7953-7FB5-42CE-99A7-0AE8EB20716F}.Release|Any CPU.Build.0 = Release|Any CPU
	EndGlobalSection
	GlobalSection(SolutionProperties) = preSolution
		HideSolutionNode = FALSE
	EndGlobalSection
	GlobalSection(ExtensibilityGlobals) = postSolution
		SolutionGuid = {9DC237F4-DD0C-457D-91DF-3F007EEDCDE1}
	EndGlobalSection
EndGlobal
